// !$*UTF8*$!
{
	archiveVersion = 1;
	classes = {
	};
	objectVersion = 55;
	objects = {

/* Begin PBXBuildFile section */
		0A2B7C9928BCF5CC00F7367F /* AppDelegate.swift in Sources */ = {isa = PBXBuildFile; fileRef = 0A2B7C9828BCF5CC00F7367F /* AppDelegate.swift */; };
		0A2B7CA028BCF5CC00F7367F /* Main.storyboard in Resources */ = {isa = PBXBuildFile; fileRef = 0A2B7C9E28BCF5CC00F7367F /* Main.storyboard */; };
		0A2B7CA228BCF5D100F7367F /* Assets.xcassets in Resources */ = {isa = PBXBuildFile; fileRef = 0A2B7CA128BCF5D100F7367F /* Assets.xcassets */; };
		0A2B7CA528BCF5D100F7367F /* LaunchScreen.storyboard in Resources */ = {isa = PBXBuildFile; fileRef = 0A2B7CA328BCF5D100F7367F /* LaunchScreen.storyboard */; };
		0A2B7CB228BCF70300F7367F /* CoordinatorProtocol.swift in Sources */ = {isa = PBXBuildFile; fileRef = 0A2B7CB128BCF70300F7367F /* CoordinatorProtocol.swift */; };
		0A2B7CB428BCF72600F7367F /* AppCoordinatorProtocol.swift in Sources */ = {isa = PBXBuildFile; fileRef = 0A2B7CB328BCF72600F7367F /* AppCoordinatorProtocol.swift */; };
		0A2B7CCC28BCFDCF00F7367F /* MainGameViewViewController.swift in Sources */ = {isa = PBXBuildFile; fileRef = 0A2B7CCB28BCFDCF00F7367F /* MainGameViewViewController.swift */; };
		0A2B7CCE28BCFE3D00F7367F /* StartViewController.swift in Sources */ = {isa = PBXBuildFile; fileRef = 0A2B7CCD28BCFE3D00F7367F /* StartViewController.swift */; };
		0A2B7CD028BCFEE300F7367F /* FightViewController.swift in Sources */ = {isa = PBXBuildFile; fileRef = 0A2B7CCF28BCFEE300F7367F /* FightViewController.swift */; };
		0A2B7CD228BCFF4100F7367F /* MonsterFightView.swift in Sources */ = {isa = PBXBuildFile; fileRef = 0A2B7CD128BCFF4100F7367F /* MonsterFightView.swift */; };
		0A2B7CD428BCFF6800F7367F /* PlayerFightView.swift in Sources */ = {isa = PBXBuildFile; fileRef = 0A2B7CD328BCFF6800F7367F /* PlayerFightView.swift */; };
		0A2B7CD628BD034700F7367F /* PlayerInfoView.swift in Sources */ = {isa = PBXBuildFile; fileRef = 0A2B7CD528BD034700F7367F /* PlayerInfoView.swift */; };
		0A2B7CDB28BD041800F7367F /* atributeWork.swift in Sources */ = {isa = PBXBuildFile; fileRef = 0A2B7CDA28BD041800F7367F /* atributeWork.swift */; };
		0A2B7CDD28BD043F00F7367F /* PlayerClass.swift in Sources */ = {isa = PBXBuildFile; fileRef = 0A2B7CDC28BD043F00F7367F /* PlayerClass.swift */; };
		0A2B7D4028C1E6BD00F7367F /* PlayerAddViewController.swift in Sources */ = {isa = PBXBuildFile; fileRef = 0A2B7D3F28C1E6BD00F7367F /* PlayerAddViewController.swift */; };
/* End PBXBuildFile section */

/* Begin PBXFileReference section */
		0A2B7C9528BCF5CC00F7367F /* manchkinApp.app */ = {isa = PBXFileReference; explicitFileType = wrapper.application; includeInIndex = 0; path = manchkinApp.app; sourceTree = BUILT_PRODUCTS_DIR; };
		0A2B7C9828BCF5CC00F7367F /* AppDelegate.swift */ = {isa = PBXFileReference; lastKnownFileType = sourcecode.swift; path = AppDelegate.swift; sourceTree = "<group>"; };
		0A2B7C9F28BCF5CC00F7367F /* Base */ = {isa = PBXFileReference; lastKnownFileType = file.storyboard; name = Base; path = Base.lproj/Main.storyboard; sourceTree = "<group>"; };
		0A2B7CA128BCF5D100F7367F /* Assets.xcassets */ = {isa = PBXFileReference; lastKnownFileType = folder.assetcatalog; path = Assets.xcassets; sourceTree = "<group>"; };
		0A2B7CA428BCF5D100F7367F /* Base */ = {isa = PBXFileReference; lastKnownFileType = file.storyboard; name = Base; path = Base.lproj/LaunchScreen.storyboard; sourceTree = "<group>"; };
		0A2B7CA628BCF5D100F7367F /* Info.plist */ = {isa = PBXFileReference; lastKnownFileType = text.plist.xml; path = Info.plist; sourceTree = "<group>"; };
		0A2B7CB128BCF70300F7367F /* CoordinatorProtocol.swift */ = {isa = PBXFileReference; lastKnownFileType = sourcecode.swift; path = CoordinatorProtocol.swift; sourceTree = "<group>"; };
		0A2B7CB328BCF72600F7367F /* AppCoordinatorProtocol.swift */ = {isa = PBXFileReference; lastKnownFileType = sourcecode.swift; path = AppCoordinatorProtocol.swift; sourceTree = "<group>"; };
		0A2B7CCB28BCFDCF00F7367F /* MainGameViewViewController.swift */ = {isa = PBXFileReference; lastKnownFileType = sourcecode.swift; path = MainGameViewViewController.swift; sourceTree = "<group>"; };
		0A2B7CCD28BCFE3D00F7367F /* StartViewController.swift */ = {isa = PBXFileReference; lastKnownFileType = sourcecode.swift; path = StartViewController.swift; sourceTree = "<group>"; };
		0A2B7CCF28BCFEE300F7367F /* FightViewController.swift */ = {isa = PBXFileReference; lastKnownFileType = sourcecode.swift; path = FightViewController.swift; sourceTree = "<group>"; };
		0A2B7CD128BCFF4100F7367F /* MonsterFightView.swift */ = {isa = PBXFileReference; lastKnownFileType = sourcecode.swift; path = MonsterFightView.swift; sourceTree = "<group>"; };
		0A2B7CD328BCFF6800F7367F /* PlayerFightView.swift */ = {isa = PBXFileReference; lastKnownFileType = sourcecode.swift; path = PlayerFightView.swift; sourceTree = "<group>"; };
		0A2B7CD528BD034700F7367F /* PlayerInfoView.swift */ = {isa = PBXFileReference; lastKnownFileType = sourcecode.swift; path = PlayerInfoView.swift; sourceTree = "<group>"; };
		0A2B7CDA28BD041800F7367F /* atributeWork.swift */ = {isa = PBXFileReference; lastKnownFileType = sourcecode.swift; path = atributeWork.swift; sourceTree = "<group>"; };
		0A2B7CDC28BD043F00F7367F /* PlayerClass.swift */ = {isa = PBXFileReference; lastKnownFileType = sourcecode.swift; path = PlayerClass.swift; sourceTree = "<group>"; };
		0A2B7D3F28C1E6BD00F7367F /* PlayerAddViewController.swift */ = {isa = PBXFileReference; lastKnownFileType = sourcecode.swift; path = PlayerAddViewController.swift; sourceTree = "<group>"; };
/* End PBXFileReference section */

/* Begin PBXFrameworksBuildPhase section */
		0A2B7C9228BCF5CC00F7367F /* Frameworks */ = {
			isa = PBXFrameworksBuildPhase;
			buildActionMask = 2147483647;
			files = (
			);
			runOnlyForDeploymentPostprocessing = 0;
		};
/* End PBXFrameworksBuildPhase section */

/* Begin PBXGroup section */
		0A2B7C8C28BCF5CB00F7367F = {
			isa = PBXGroup;
			children = (
				0A2B7C9728BCF5CC00F7367F /* manchkinApp */,
				0A2B7C9628BCF5CC00F7367F /* Products */,
			);
			sourceTree = "<group>";
		};
		0A2B7C9628BCF5CC00F7367F /* Products */ = {
			isa = PBXGroup;
			children = (
				0A2B7C9528BCF5CC00F7367F /* manchkinApp.app */,
			);
			name = Products;
			sourceTree = "<group>";
		};
		0A2B7C9728BCF5CC00F7367F /* manchkinApp */ = {
			isa = PBXGroup;
			children = (
				0A2B7CD928BD03FA00F7367F /* WorkClasses */,
				0A2B7CAF28BCF6B900F7367F /* ViewControllers */,
				0A2B7CAE28BCF61A00F7367F /* ViewClasses */,
				0A2B7CAC28BCF5F900F7367F /* Protocols */,
				0A2B7C9828BCF5CC00F7367F /* AppDelegate.swift */,
				0A2B7C9E28BCF5CC00F7367F /* Main.storyboard */,
				0A2B7CA128BCF5D100F7367F /* Assets.xcassets */,
				0A2B7CA328BCF5D100F7367F /* LaunchScreen.storyboard */,
				0A2B7CA628BCF5D100F7367F /* Info.plist */,
			);
			path = manchkinApp;
			sourceTree = "<group>";
		};
		0A2B7CAC28BCF5F900F7367F /* Protocols */ = {
			isa = PBXGroup;
			children = (
				0A2B7CB028BCF6EA00F7367F /* Coordinators */,
			);
			path = Protocols;
			sourceTree = "<group>";
		};
		0A2B7CAE28BCF61A00F7367F /* ViewClasses */ = {
			isa = PBXGroup;
			children = (
				0A2B7CD128BCFF4100F7367F /* MonsterFightView.swift */,
				0A2B7CD328BCFF6800F7367F /* PlayerFightView.swift */,
				0A2B7CD528BD034700F7367F /* PlayerInfoView.swift */,
			);
			path = ViewClasses;
			sourceTree = "<group>";
		};
		0A2B7CAF28BCF6B900F7367F /* ViewControllers */ = {
			isa = PBXGroup;
			children = (
				0A2B7CCB28BCFDCF00F7367F /* MainGameViewViewController.swift */,
				0A2B7CCD28BCFE3D00F7367F /* StartViewController.swift */,
				0A2B7CCF28BCFEE300F7367F /* FightViewController.swift */,
				0A2B7D3F28C1E6BD00F7367F /* PlayerAddViewController.swift */,
			);
			path = ViewControllers;
			sourceTree = "<group>";
		};
		0A2B7CB028BCF6EA00F7367F /* Coordinators */ = {
			isa = PBXGroup;
			children = (
				0A2B7CB128BCF70300F7367F /* CoordinatorProtocol.swift */,
				0A2B7CB328BCF72600F7367F /* AppCoordinatorProtocol.swift */,
			);
			path = Coordinators;
			sourceTree = "<group>";
		};
		0A2B7CD928BD03FA00F7367F /* WorkClasses */ = {
			isa = PBXGroup;
			children = (
				0A2B7CDA28BD041800F7367F /* atributeWork.swift */,
				0A2B7CDC28BD043F00F7367F /* PlayerClass.swift */,
			);
			path = WorkClasses;
			sourceTree = "<group>";
		};
/* End PBXGroup section */

/* Begin PBXNativeTarget section */
		0A2B7C9428BCF5CC00F7367F /* manchkinApp */ = {
			isa = PBXNativeTarget;
			buildConfigurationList = 0A2B7CA928BCF5D100F7367F /* Build configuration list for PBXNativeTarget "manchkinApp" */;
			buildPhases = (
				0A2B7C9128BCF5CC00F7367F /* Sources */,
				0A2B7C9228BCF5CC00F7367F /* Frameworks */,
				0A2B7C9328BCF5CC00F7367F /* Resources */,
			);
			buildRules = (
			);
			dependencies = (
			);
			name = manchkinApp;
			productName = manchkinApp;
			productReference = 0A2B7C9528BCF5CC00F7367F /* manchkinApp.app */;
			productType = "com.apple.product-type.application";
		};
/* End PBXNativeTarget section */

/* Begin PBXProject section */
		0A2B7C8D28BCF5CB00F7367F /* Project object */ = {
			isa = PBXProject;
			attributes = {
				BuildIndependentTargetsInParallel = 1;
				LastSwiftUpdateCheck = 1340;
				LastUpgradeCheck = 1340;
				TargetAttributes = {
					0A2B7C9428BCF5CC00F7367F = {
						CreatedOnToolsVersion = 13.4.1;
					};
				};
			};
			buildConfigurationList = 0A2B7C9028BCF5CB00F7367F /* Build configuration list for PBXProject "manchkinApp" */;
			compatibilityVersion = "Xcode 13.0";
			developmentRegion = en;
			hasScannedForEncodings = 0;
			knownRegions = (
				en,
				Base,
			);
			mainGroup = 0A2B7C8C28BCF5CB00F7367F;
			productRefGroup = 0A2B7C9628BCF5CC00F7367F /* Products */;
			projectDirPath = "";
			projectRoot = "";
			targets = (
				0A2B7C9428BCF5CC00F7367F /* manchkinApp */,
			);
		};
/* End PBXProject section */

/* Begin PBXResourcesBuildPhase section */
		0A2B7C9328BCF5CC00F7367F /* Resources */ = {
			isa = PBXResourcesBuildPhase;
			buildActionMask = 2147483647;
			files = (
				0A2B7CA528BCF5D100F7367F /* LaunchScreen.storyboard in Resources */,
				0A2B7CA228BCF5D100F7367F /* Assets.xcassets in Resources */,
				0A2B7CA028BCF5CC00F7367F /* Main.storyboard in Resources */,
			);
			runOnlyForDeploymentPostprocessing = 0;
		};
/* End PBXResourcesBuildPhase section */

/* Begin PBXSourcesBuildPhase section */
		0A2B7C9128BCF5CC00F7367F /* Sources */ = {
			isa = PBXSourcesBuildPhase;
			buildActionMask = 2147483647;
			files = (
				0A2B7CCC28BCFDCF00F7367F /* MainGameViewViewController.swift in Sources */,
				0A2B7CD628BD034700F7367F /* PlayerInfoView.swift in Sources */,
				0A2B7CD228BCFF4100F7367F /* MonsterFightView.swift in Sources */,
				0A2B7CDD28BD043F00F7367F /* PlayerClass.swift in Sources */,
				0A2B7CDB28BD041800F7367F /* atributeWork.swift in Sources */,
				0A2B7D4028C1E6BD00F7367F /* PlayerAddViewController.swift in Sources */,
				0A2B7CD428BCFF6800F7367F /* PlayerFightView.swift in Sources */,
				0A2B7CD028BCFEE300F7367F /* FightViewController.swift in Sources */,
				0A2B7CCE28BCFE3D00F7367F /* StartViewController.swift in Sources */,
				0A2B7C9928BCF5CC00F7367F /* AppDelegate.swift in Sources */,
				0A2B7CB428BCF72600F7367F /* AppCoordinatorProtocol.swift in Sources */,
				0A2B7CB228BCF70300F7367F /* CoordinatorProtocol.swift in Sources */,
			);
			runOnlyForDeploymentPostprocessing = 0;
		};
/* End PBXSourcesBuildPhase section */

/* Begin PBXVariantGroup section */
		0A2B7C9E28BCF5CC00F7367F /* Main.storyboard */ = {
			isa = PBXVariantGroup;
			children = (
				0A2B7C9F28BCF5CC00F7367F /* Base */,
			);
			name = Main.storyboard;
			sourceTree = "<group>";
		};
		0A2B7CA328BCF5D100F7367F /* LaunchScreen.storyboard */ = {
			isa = PBXVariantGroup;
			children = (
				0A2B7CA428BCF5D100F7367F /* Base */,
			);
			name = LaunchScreen.storyboard;
			sourceTree = "<group>";
		};
/* End PBXVariantGroup section */

/* Begin XCBuildConfiguration section */
		0A2B7CA728BCF5D100F7367F /* Debug */ = {
			isa = XCBuildConfiguration;
			buildSettings = {
				ALWAYS_SEARCH_USER_PATHS = NO;
				CLANG_ANALYZER_NONNULL = YES;
				CLANG_ANALYZER_NUMBER_OBJECT_CONVERSION = YES_AGGRESSIVE;
				CLANG_CXX_LANGUAGE_STANDARD = "gnu++17";
				CLANG_ENABLE_MODULES = YES;
				CLANG_ENABLE_OBJC_ARC = YES;
				CLANG_ENABLE_OBJC_WEAK = YES;
				CLANG_WARN_BLOCK_CAPTURE_AUTORELEASING = YES;
				CLANG_WARN_BOOL_CONVERSION = YES;
				CLANG_WARN_COMMA = YES;
				CLANG_WARN_CONSTANT_CONVERSION = YES;
				CLANG_WARN_DEPRECATED_OBJC_IMPLEMENTATIONS = YES;
				CLANG_WARN_DIRECT_OBJC_ISA_USAGE = YES_ERROR;
				CLANG_WARN_DOCUMENTATION_COMMENTS = YES;
				CLANG_WARN_EMPTY_BODY = YES;
				CLANG_WARN_ENUM_CONVERSION = YES;
				CLANG_WARN_INFINITE_RECURSION = YES;
				CLANG_WARN_INT_CONVERSION = YES;
				CLANG_WARN_NON_LITERAL_NULL_CONVERSION = YES;
				CLANG_WARN_OBJC_IMPLICIT_RETAIN_SELF = YES;
				CLANG_WARN_OBJC_LITERAL_CONVERSION = YES;
				CLANG_WARN_OBJC_ROOT_CLASS = YES_ERROR;
				CLANG_WARN_QUOTED_INCLUDE_IN_FRAMEWORK_HEADER = YES;
				CLANG_WARN_RANGE_LOOP_ANALYSIS = YES;
				CLANG_WARN_STRICT_PROTOTYPES = YES;
				CLANG_WARN_SUSPICIOUS_MOVE = YES;
				CLANG_WARN_UNGUARDED_AVAILABILITY = YES_AGGRESSIVE;
				CLANG_WARN_UNREACHABLE_CODE = YES;
				CLANG_WARN__DUPLICATE_METHOD_MATCH = YES;
				COPY_PHASE_STRIP = NO;
				DEBUG_INFORMATION_FORMAT = dwarf;
				ENABLE_STRICT_OBJC_MSGSEND = YES;
				ENABLE_TESTABILITY = YES;
				GCC_C_LANGUAGE_STANDARD = gnu11;
				GCC_DYNAMIC_NO_PIC = NO;
				GCC_NO_COMMON_BLOCKS = YES;
				GCC_OPTIMIZATION_LEVEL = 0;
				GCC_PREPROCESSOR_DEFINITIONS = (
					"DEBUG=1",
					"$(inherited)",
				);
				GCC_WARN_64_TO_32_BIT_CONVERSION = YES;
				GCC_WARN_ABOUT_RETURN_TYPE = YES_ERROR;
				GCC_WARN_UNDECLARED_SELECTOR = YES;
				GCC_WARN_UNINITIALIZED_AUTOS = YES_AGGRESSIVE;
				GCC_WARN_UNUSED_FUNCTION = YES;
				GCC_WARN_UNUSED_VARIABLE = YES;
				IPHONEOS_DEPLOYMENT_TARGET = 15.5;
				MTL_ENABLE_DEBUG_INFO = INCLUDE_SOURCE;
				MTL_FAST_MATH = YES;
				ONLY_ACTIVE_ARCH = YES;
				SDKROOT = iphoneos;
				SWIFT_ACTIVE_COMPILATION_CONDITIONS = DEBUG;
				SWIFT_OPTIMIZATION_LEVEL = "-Onone";
			};
			name = Debug;
		};
		0A2B7CA828BCF5D100F7367F /* Release */ = {
			isa = XCBuildConfiguration;
			buildSettings = {
				ALWAYS_SEARCH_USER_PATHS = NO;
				CLANG_ANALYZER_NONNULL = YES;
				CLANG_ANALYZER_NUMBER_OBJECT_CONVERSION = YES_AGGRESSIVE;
				CLANG_CXX_LANGUAGE_STANDARD = "gnu++17";
				CLANG_ENABLE_MODULES = YES;
				CLANG_ENABLE_OBJC_ARC = YES;
				CLANG_ENABLE_OBJC_WEAK = YES;
				CLANG_WARN_BLOCK_CAPTURE_AUTORELEASING = YES;
				CLANG_WARN_BOOL_CONVERSION = YES;
				CLANG_WARN_COMMA = YES;
				CLANG_WARN_CONSTANT_CONVERSION = YES;
				CLANG_WARN_DEPRECATED_OBJC_IMPLEMENTATIONS = YES;
				CLANG_WARN_DIRECT_OBJC_ISA_USAGE = YES_ERROR;
				CLANG_WARN_DOCUMENTATION_COMMENTS = YES;
				CLANG_WARN_EMPTY_BODY = YES;
				CLANG_WARN_ENUM_CONVERSION = YES;
				CLANG_WARN_INFINITE_RECURSION = YES;
				CLANG_WARN_INT_CONVERSION = YES;
				CLANG_WARN_NON_LITERAL_NULL_CONVERSION = YES;
				CLANG_WARN_OBJC_IMPLICIT_RETAIN_SELF = YES;
				CLANG_WARN_OBJC_LITERAL_CONVERSION = YES;
				CLANG_WARN_OBJC_ROOT_CLASS = YES_ERROR;
				CLANG_WARN_QUOTED_INCLUDE_IN_FRAMEWORK_HEADER = YES;
				CLANG_WARN_RANGE_LOOP_ANALYSIS = YES;
				CLANG_WARN_STRICT_PROTOTYPES = YES;
				CLANG_WARN_SUSPICIOUS_MOVE = YES;
				CLANG_WARN_UNGUARDED_AVAILABILITY = YES_AGGRESSIVE;
				CLANG_WARN_UNREACHABLE_CODE = YES;
				CLANG_WARN__DUPLICATE_METHOD_MATCH = YES;
				COPY_PHASE_STRIP = NO;
				DEBUG_INFORMATION_FORMAT = "dwarf-with-dsym";
				ENABLE_NS_ASSERTIONS = NO;
				ENABLE_STRICT_OBJC_MSGSEND = YES;
				GCC_C_LANGUAGE_STANDARD = gnu11;
				GCC_NO_COMMON_BLOCKS = YES;
				GCC_WARN_64_TO_32_BIT_CONVERSION = YES;
				GCC_WARN_ABOUT_RETURN_TYPE = YES_ERROR;
				GCC_WARN_UNDECLARED_SELECTOR = YES;
				GCC_WARN_UNINITIALIZED_AUTOS = YES_AGGRESSIVE;
				GCC_WARN_UNUSED_FUNCTION = YES;
				GCC_WARN_UNUSED_VARIABLE = YES;
				IPHONEOS_DEPLOYMENT_TARGET = 15.5;
				MTL_ENABLE_DEBUG_INFO = NO;
				MTL_FAST_MATH = YES;
				SDKROOT = iphoneos;
				SWIFT_COMPILATION_MODE = wholemodule;
				SWIFT_OPTIMIZATION_LEVEL = "-O";
				VALIDATE_PRODUCT = YES;
			};
			name = Release;
		};
		0A2B7CAA28BCF5D100F7367F /* Debug */ = {
			isa = XCBuildConfiguration;
			buildSettings = {
				ASSETCATALOG_COMPILER_APPICON_NAME = AppIcon;
				ASSETCATALOG_COMPILER_GLOBAL_ACCENT_COLOR_NAME = AccentColor;
				CODE_SIGN_STYLE = Automatic;
				CURRENT_PROJECT_VERSION = 1;
				DEVELOPMENT_TEAM = 696B69YM9F;
				GENERATE_INFOPLIST_FILE = YES;
				INFOPLIST_FILE = manchkinApp/Info.plist;
				INFOPLIST_KEY_UIApplicationSupportsIndirectInputEvents = YES;
				INFOPLIST_KEY_UILaunchStoryboardName = LaunchScreen;
				INFOPLIST_KEY_UIMainStoryboardFile = Main;
				INFOPLIST_KEY_UISupportedInterfaceOrientations_iPad = "UIInterfaceOrientationPortrait UIInterfaceOrientationPortraitUpsideDown UIInterfaceOrientationLandscapeLeft UIInterfaceOrientationLandscapeRight";
				INFOPLIST_KEY_UISupportedInterfaceOrientations_iPhone = "UIInterfaceOrientationPortrait UIInterfaceOrientationLandscapeLeft UIInterfaceOrientationLandscapeRight";
				LD_RUNPATH_SEARCH_PATHS = (
					"$(inherited)",
					"@executable_path/Frameworks",
				);
				MARKETING_VERSION = 1.0;
				PRODUCT_BUNDLE_IDENTIFIER = TryHard.manchkinApp;
				PRODUCT_NAME = "$(TARGET_NAME)";
				SWIFT_EMIT_LOC_STRINGS = YES;
				SWIFT_VERSION = 5.0;
				TARGETED_DEVICE_FAMILY = "1,2";
			};
			name = Debug;
		};
		0A2B7CAB28BCF5D100F7367F /* Release */ = {
			isa = XCBuildConfiguration;
			buildSettings = {
				ASSETCATALOG_COMPILER_APPICON_NAME = AppIcon;
				ASSETCATALOG_COMPILER_GLOBAL_ACCENT_COLOR_NAME = AccentColor;
				CODE_SIGN_STYLE = Automatic;
				CURRENT_PROJECT_VERSION = 1;
				DEVELOPMENT_TEAM = 696B69YM9F;
				GENERATE_INFOPLIST_FILE = YES;
				INFOPLIST_FILE = manchkinApp/Info.plist;
				INFOPLIST_KEY_UIApplicationSupportsIndirectInputEvents = YES;
				INFOPLIST_KEY_UILaunchStoryboardName = LaunchScreen;
				INFOPLIST_KEY_UIMainStoryboardFile = Main;
				INFOPLIST_KEY_UISupportedInterfaceOrientations_iPad = "UIInterfaceOrientationPortrait UIInterfaceOrientationPortraitUpsideDown UIInterfaceOrientationLandscapeLeft UIInterfaceOrientationLandscapeRight";
				INFOPLIST_KEY_UISupportedInterfaceOrientations_iPhone = "UIInterfaceOrientationPortrait UIInterfaceOrientationLandscapeLeft UIInterfaceOrientationLandscapeRight";
				LD_RUNPATH_SEARCH_PATHS = (
					"$(inherited)",
					"@executable_path/Frameworks",
				);
				MARKETING_VERSION = 1.0;
				PRODUCT_BUNDLE_IDENTIFIER = TryHard.manchkinApp;
				PRODUCT_NAME = "$(TARGET_NAME)";
				SWIFT_EMIT_LOC_STRINGS = YES;
				SWIFT_VERSION = 5.0;
				TARGETED_DEVICE_FAMILY = "1,2";
			};
			name = Release;
		};
/* End XCBuildConfiguration section */

/* Begin XCConfigurationList section */
		0A2B7C9028BCF5CB00F7367F /* Build configuration list for PBXProject "manchkinApp" */ = {
			isa = XCConfigurationList;
			buildConfigurations = (
				0A2B7CA728BCF5D100F7367F /* Debug */,
				0A2B7CA828BCF5D100F7367F /* Release */,
			);
			defaultConfigurationIsVisible = 0;
			defaultConfigurationName = Release;
		};
		0A2B7CA928BCF5D100F7367F /* Build configuration list for PBXNativeTarget "manchkinApp" */ = {
			isa = XCConfigurationList;
			buildConfigurations = (
				0A2B7CAA28BCF5D100F7367F /* Debug */,
				0A2B7CAB28BCF5D100F7367F /* Release */,
			);
			defaultConfigurationIsVisible = 0;
			defaultConfigurationName = Release;
		};
/* End XCConfigurationList section */
	};
	rootObject = 0A2B7C8D28BCF5CB00F7367F /* Project object */;
}
